// !$*UTF8*$!
{
	archiveVersion = 1;
	classes = {
	};
	objectVersion = 77;
	objects = {

/* Begin PBXBuildFile section */
		2700972353ED2C227F0F3AE0 /* IsoNimCocoaTests.swift in Sources */ = {isa = PBXBuildFile; fileRef = EEE1119BE7E3C98E9708D753 /* IsoNimCocoaTests.swift */; };
		27E024A6A83FD09DAE45044F /* StreamAppDelegate.swift in Sources */ = {isa = PBXBuildFile; fileRef = 3D545B677F09D123A9B0E005 /* StreamAppDelegate.swift */; };
		4D0733A61D579CAB0B489FF9 /* AppDelegate.swift in Sources */ = {isa = PBXBuildFile; fileRef = 4176954EACBE95249382A9A4 /* AppDelegate.swift */; };
		568E3978E892DBE009C565CD /* FrameStreamingViewController.swift in Sources */ = {isa = PBXBuildFile; fileRef = F24E6B67D3D41659D944EE8D /* FrameStreamingViewController.swift */; };
		61149E254B32C3D8EA2063B6 /* AppDelegate.swift in Sources */ = {isa = PBXBuildFile; fileRef = 4176954EACBE95249382A9A4 /* AppDelegate.swift */; };
		6A956794B6434189221826D1 /* AppDelegate.swift in Sources */ = {isa = PBXBuildFile; fileRef = 4176954EACBE95249382A9A4 /* AppDelegate.swift */; };
		943B5651849A25AD47F0394A /* AppDelegate.swift in Sources */ = {isa = PBXBuildFile; fileRef = 4176954EACBE95249382A9A4 /* AppDelegate.swift */; };
		AD445DA0D30FD791E08DD829 /* FrameStreamServer.swift in Sources */ = {isa = PBXBuildFile; fileRef = E43039EB267E3DFB5ECC40E3 /* FrameStreamServer.swift */; };
/* End PBXBuildFile section */

/* Begin PBXContainerItemProxy section */
		D39BAF7F014D52697436DBAF /* PBXContainerItemProxy */ = {
			isa = PBXContainerItemProxy;
			containerPortal = FF369DCFDC2CEBC7F2728373 /* Project object */;
			proxyType = 1;
			remoteGlobalIDString = DC7F0379ACA1FAA0A52538F1;
			remoteInfo = "IsoNim-Native";
		};
/* End PBXContainerItemProxy section */

/* Begin PBXFileReference section */
		03FC6272C241169982E2B33F /* IsoNimCocoa-Tests.xctest */ = {isa = PBXFileReference; includeInIndex = 0; lastKnownFileType = wrapper.cfbundle; path = "IsoNimCocoa-Tests.xctest"; sourceTree = BUILT_PRODUCTS_DIR; };
		12ECE38ED6035AE57DC67D63 /* IsoNim-Branded.app */ = {isa = PBXFileReference; includeInIndex = 0; lastKnownFileType = wrapper.application; path = "IsoNim-Branded.app"; sourceTree = BUILT_PRODUCTS_DIR; };
		3D545B677F09D123A9B0E005 /* StreamAppDelegate.swift */ = {isa = PBXFileReference; lastKnownFileType = sourcecode.swift; path = StreamAppDelegate.swift; sourceTree = "<group>"; };
		4176954EACBE95249382A9A4 /* AppDelegate.swift */ = {isa = PBXFileReference; lastKnownFileType = sourcecode.swift; path = AppDelegate.swift; sourceTree = "<group>"; };
		890A4CDAB8DD03A990DB48C4 /* IsoNim-Native.app */ = {isa = PBXFileReference; includeInIndex = 0; lastKnownFileType = wrapper.application; path = "IsoNim-Native.app"; sourceTree = BUILT_PRODUCTS_DIR; };
		92AA098D300029530F9E841B /* Info.plist */ = {isa = PBXFileReference; lastKnownFileType = text.plist; path = Info.plist; sourceTree = "<group>"; };
		AF592B222717F62C5BB324C1 /* IsoNim-NimNative.app */ = {isa = PBXFileReference; includeInIndex = 0; lastKnownFileType = wrapper.application; path = "IsoNim-NimNative.app"; sourceTree = BUILT_PRODUCTS_DIR; };
		CDC29A749B240F872C370D66 /* IsoNim-Stream.app */ = {isa = PBXFileReference; includeInIndex = 0; lastKnownFileType = wrapper.application; path = "IsoNim-Stream.app"; sourceTree = BUILT_PRODUCTS_DIR; };
		E43039EB267E3DFB5ECC40E3 /* FrameStreamServer.swift */ = {isa = PBXFileReference; lastKnownFileType = sourcecode.swift; path = FrameStreamServer.swift; sourceTree = "<group>"; };
		EE4DE2DD552C52E81B5BD6E2 /* Info.plist */ = {isa = PBXFileReference; lastKnownFileType = text.plist; path = Info.plist; sourceTree = "<group>"; };
		EEE1119BE7E3C98E9708D753 /* IsoNimCocoaTests.swift */ = {isa = PBXFileReference; lastKnownFileType = sourcecode.swift; path = IsoNimCocoaTests.swift; sourceTree = "<group>"; };
		F24E6B67D3D41659D944EE8D /* FrameStreamingViewController.swift */ = {isa = PBXFileReference; lastKnownFileType = sourcecode.swift; path = FrameStreamingViewController.swift; sourceTree = "<group>"; };
		F5C716794F04E1F69423592B /* IsoNim-Baseline.app */ = {isa = PBXFileReference; includeInIndex = 0; lastKnownFileType = wrapper.application; path = "IsoNim-Baseline.app"; sourceTree = BUILT_PRODUCTS_DIR; };
/* End PBXFileReference section */

/* Begin PBXGroup section */
		0079B99E324AF5E72B5B445D /* Sources */ = {
			isa = PBXGroup;
			children = (
				4176954EACBE95249382A9A4 /* AppDelegate.swift */,
			);
			path = Sources;
			sourceTree = "<group>";
		};
		34D15698E523E2E3EABD0B90 /* ios-app */ = {
			isa = PBXGroup;
			children = (
				0079B99E324AF5E72B5B445D /* Sources */,
				E701AE9401E47C9D74639C40 /* StreamSources */,
				CE23D8628A82189518DF8F85 /* Tests */,
			);
			path = "ios-app";
			sourceTree = "<group>";
		};
		CE23D8628A82189518DF8F85 /* Tests */ = {
			isa = PBXGroup;
			children = (
				EE4DE2DD552C52E81B5BD6E2 /* Info.plist */,
				EEE1119BE7E3C98E9708D753 /* IsoNimCocoaTests.swift */,
			);
			path = Tests;
			sourceTree = "<group>";
		};
		DA36FB6874E7D0C019C484A7 /* Products */ = {
			isa = PBXGroup;
			children = (
				F5C716794F04E1F69423592B /* IsoNim-Baseline.app */,
				12ECE38ED6035AE57DC67D63 /* IsoNim-Branded.app */,
				890A4CDAB8DD03A990DB48C4 /* IsoNim-Native.app */,
				AF592B222717F62C5BB324C1 /* IsoNim-NimNative.app */,
				CDC29A749B240F872C370D66 /* IsoNim-Stream.app */,
				03FC6272C241169982E2B33F /* IsoNimCocoa-Tests.xctest */,
			);
			name = Products;
			sourceTree = "<group>";
		};
		E701AE9401E47C9D74639C40 /* StreamSources */ = {
			isa = PBXGroup;
			children = (
				F24E6B67D3D41659D944EE8D /* FrameStreamingViewController.swift */,
				E43039EB267E3DFB5ECC40E3 /* FrameStreamServer.swift */,
				92AA098D300029530F9E841B /* Info.plist */,
				3D545B677F09D123A9B0E005 /* StreamAppDelegate.swift */,
			);
			path = StreamSources;
			sourceTree = "<group>";
		};
		EF634041B56347EDE8654B67 = {
			isa = PBXGroup;
			children = (
				34D15698E523E2E3EABD0B90 /* ios-app */,
				DA36FB6874E7D0C019C484A7 /* Products */,
			);
			sourceTree = "<group>";
		};
/* End PBXGroup section */

/* Begin PBXNativeTarget section */
		356916F31937E03236275550 /* IsoNim-Branded */ = {
			isa = PBXNativeTarget;
			buildConfigurationList = 514E33A5F9E33BA08930D857 /* Build configuration list for PBXNativeTarget "IsoNim-Branded" */;
			buildPhases = (
				135FEE0FDB6326BAEBE70575 /* Sources */,
			);
			buildRules = (
			);
			dependencies = (
			);
			name = "IsoNim-Branded";
			packageProductDependencies = (
			);
			productName = "IsoNim-Branded";
			productReference = 12ECE38ED6035AE57DC67D63 /* IsoNim-Branded.app */;
			productType = "com.apple.product-type.application";
		};
		3DA8A8FE143ADCFE24124552 /* IsoNim-NimNative */ = {
			isa = PBXNativeTarget;
			buildConfigurationList = EAA31E8AD22AE8A5B6C2C079 /* Build configuration list for PBXNativeTarget "IsoNim-NimNative" */;
			buildPhases = (
				182F5D3D4970BA4E2C327EEC /* Sources */,
			);
			buildRules = (
			);
			dependencies = (
			);
			name = "IsoNim-NimNative";
			packageProductDependencies = (
			);
			productName = "IsoNim-NimNative";
			productReference = AF592B222717F62C5BB324C1 /* IsoNim-NimNative.app */;
			productType = "com.apple.product-type.application";
		};
		82BB10DA029D21A3F06FF2D0 /* IsoNimCocoa-Tests */ = {
			isa = PBXNativeTarget;
			buildConfigurationList = 72FA1A4A1680618B61CE0390 /* Build configuration list for PBXNativeTarget "IsoNimCocoa-Tests" */;
			buildPhases = (
				EDCD1E615C9DEB1A6C03D3D1 /* Sources */,
			);
			buildRules = (
			);
			dependencies = (
				805BF5499C24E2D4F2C20ECC /* PBXTargetDependency */,
			);
			name = "IsoNimCocoa-Tests";
			packageProductDependencies = (
			);
			productName = "IsoNimCocoa-Tests";
			productReference = 03FC6272C241169982E2B33F /* IsoNimCocoa-Tests.xctest */;
			productType = "com.apple.product-type.bundle.unit-test";
		};
		BE7377B390F58A5830728584 /* IsoNim-Stream */ = {
			isa = PBXNativeTarget;
			buildConfigurationList = 89F42021D79602279B823C40 /* Build configuration list for PBXNativeTarget "IsoNim-Stream" */;
			buildPhases = (
				2E3A2CB6F67B390FA7C3B483 /* Sources */,
			);
			buildRules = (
			);
			dependencies = (
			);
			name = "IsoNim-Stream";
			packageProductDependencies = (
			);
			productName = "IsoNim-Stream";
			productReference = CDC29A749B240F872C370D66 /* IsoNim-Stream.app */;
			productType = "com.apple.product-type.application";
		};
		DBE0FC056EE04951324ED319 /* IsoNim-Baseline */ = {
			isa = PBXNativeTarget;
			buildConfigurationList = AF3FB00FBFD4A563950AB267 /* Build configuration list for PBXNativeTarget "IsoNim-Baseline" */;
			buildPhases = (
				292BB986E0F2974AC50F1141 /* Sources */,
			);
			buildRules = (
			);
			dependencies = (
			);
			name = "IsoNim-Baseline";
			packageProductDependencies = (
			);
			productName = "IsoNim-Baseline";
			productReference = F5C716794F04E1F69423592B /* IsoNim-Baseline.app */;
			productType = "com.apple.product-type.application";
		};
		DC7F0379ACA1FAA0A52538F1 /* IsoNim-Native */ = {
			isa = PBXNativeTarget;
			buildConfigurationList = 399B4CD056D5E1CA59E6C012 /* Build configuration list for PBXNativeTarget "IsoNim-Native" */;
			buildPhases = (
				380B93E4B5A44E1D69202039 /* Sources */,
			);
			buildRules = (
			);
			dependencies = (
			);
			name = "IsoNim-Native";
			packageProductDependencies = (
			);
			productName = "IsoNim-Native";
			productReference = 890A4CDAB8DD03A990DB48C4 /* IsoNim-Native.app */;
			productType = "com.apple.product-type.application";
		};
/* End PBXNativeTarget section */

/* Begin PBXProject section */
		FF369DCFDC2CEBC7F2728373 /* Project object */ = {
			isa = PBXProject;
			attributes = {
				BuildIndependentTargetsInParallel = YES;
				LastUpgradeCheck = 1600;
				TargetAttributes = {
					356916F31937E03236275550 = {
						DevelopmentTeam = GK3D7BH967;
						ProvisioningStyle = Automatic;
					};
					3DA8A8FE143ADCFE24124552 = {
						DevelopmentTeam = GK3D7BH967;
						ProvisioningStyle = Automatic;
					};
					82BB10DA029D21A3F06FF2D0 = {
						DevelopmentTeam = GK3D7BH967;
						ProvisioningStyle = Automatic;
					};
					BE7377B390F58A5830728584 = {
						DevelopmentTeam = GK3D7BH967;
						ProvisioningStyle = Automatic;
					};
					DBE0FC056EE04951324ED319 = {
						DevelopmentTeam = GK3D7BH967;
						ProvisioningStyle = Automatic;
					};
					DC7F0379ACA1FAA0A52538F1 = {
						DevelopmentTeam = GK3D7BH967;
						ProvisioningStyle = Automatic;
					};
				};
			};
			buildConfigurationList = B3A52C2EDE376CC853BB1FC5 /* Build configuration list for PBXProject "IsoNimCocoa" */;
			compatibilityVersion = "Xcode 14.0";
			developmentRegion = en;
			hasScannedForEncodings = 0;
			knownRegions = (
				Base,
				en,
			);
			mainGroup = EF634041B56347EDE8654B67;
			minimizedProjectReferenceProxies = 1;
			preferredProjectObjectVersion = 77;
			projectDirPath = "";
			projectRoot = "";
			targets = (
				DBE0FC056EE04951324ED319 /* IsoNim-Baseline */,
				356916F31937E03236275550 /* IsoNim-Branded */,
				DC7F0379ACA1FAA0A52538F1 /* IsoNim-Native */,
				3DA8A8FE143ADCFE24124552 /* IsoNim-NimNative */,
				BE7377B390F58A5830728584 /* IsoNim-Stream */,
				82BB10DA029D21A3F06FF2D0 /* IsoNimCocoa-Tests */,
			);
		};
/* End PBXProject section */

/* Begin PBXSourcesBuildPhase section */
		135FEE0FDB6326BAEBE70575 /* Sources */ = {
			isa = PBXSourcesBuildPhase;
			buildActionMask = 2147483647;
			files = (
				4D0733A61D579CAB0B489FF9 /* AppDelegate.swift in Sources */,
			);
			runOnlyForDeploymentPostprocessing = 0;
		};
		182F5D3D4970BA4E2C327EEC /* Sources */ = {
			isa = PBXSourcesBuildPhase;
			buildActionMask = 2147483647;
			files = (
				943B5651849A25AD47F0394A /* AppDelegate.swift in Sources */,
			);
			runOnlyForDeploymentPostprocessing = 0;
		};
		292BB986E0F2974AC50F1141 /* Sources */ = {
			isa = PBXSourcesBuildPhase;
			buildActionMask = 2147483647;
			files = (
				6A956794B6434189221826D1 /* AppDelegate.swift in Sources */,
			);
			runOnlyForDeploymentPostprocessing = 0;
		};
		2E3A2CB6F67B390FA7C3B483 /* Sources */ = {
			isa = PBXSourcesBuildPhase;
			buildActionMask = 2147483647;
			files = (
				AD445DA0D30FD791E08DD829 /* FrameStreamServer.swift in Sources */,
				568E3978E892DBE009C565CD /* FrameStreamingViewController.swift in Sources */,
				27E024A6A83FD09DAE45044F /* StreamAppDelegate.swift in Sources */,
			);
			runOnlyForDeploymentPostprocessing = 0;
		};
		380B93E4B5A44E1D69202039 /* Sources */ = {
			isa = PBXSourcesBuildPhase;
			buildActionMask = 2147483647;
			files = (
				61149E254B32C3D8EA2063B6 /* AppDelegate.swift in Sources */,
			);
			runOnlyForDeploymentPostprocessing = 0;
		};
		EDCD1E615C9DEB1A6C03D3D1 /* Sources */ = {
			isa = PBXSourcesBuildPhase;
			buildActionMask = 2147483647;
			files = (
				2700972353ED2C227F0F3AE0 /* IsoNimCocoaTests.swift in Sources */,
			);
			runOnlyForDeploymentPostprocessing = 0;
		};
/* End PBXSourcesBuildPhase section */

/* Begin PBXTargetDependency section */
		805BF5499C24E2D4F2C20ECC /* PBXTargetDependency */ = {
			isa = PBXTargetDependency;
			target = DC7F0379ACA1FAA0A52538F1 /* IsoNim-Native */;
			targetProxy = D39BAF7F014D52697436DBAF /* PBXContainerItemProxy */;
		};
/* End PBXTargetDependency section */

/* Begin XCBuildConfiguration section */
		1D20A63869E5C5A72CC6B632 /* Debug */ = {
			isa = XCBuildConfiguration;
			buildSettings = {
				ASSETCATALOG_COMPILER_APPICON_NAME = AppIcon;
				CODE_SIGN_IDENTITY = "iPhone Developer";
				INFOPLIST_FILE = "ios-app/Info.plist";
				LD_RUNPATH_SEARCH_PATHS = (
					"$(inherited)",
					"@executable_path/Frameworks",
				);
				LIBRARY_SEARCH_PATHS = (
					"$(PROJECT_DIR)/build",
				);
				OTHER_LDFLAGS = (
					"-lisonim_native",
					"-lobjc",
					"-lc++",
				);
				PRODUCT_BUNDLE_IDENTIFIER = com.metacraft.isonim.cocoa.nimnative;
				PRODUCT_MODULE_NAME = IsoNimCocoa_iOS;
				PRODUCT_NAME = "IsoNim NimNative";
				SDKROOT = iphoneos;
				SWIFT_ACTIVE_COMPILATION_CONDITIONS = THEME_NIM_NATIVE;
				TARGETED_DEVICE_FAMILY = "1,2";
			};
			name = Debug;
		};
		271A6A50A5D3357A719DA7B1 /* Debug */ = {
			isa = XCBuildConfiguration;
			buildSettings = {
				BUNDLE_LOADER = "$(TEST_HOST)";
				INFOPLIST_FILE = "ios-app/Tests/Info.plist";
				LD_RUNPATH_SEARCH_PATHS = (
					"$(inherited)",
					"@executable_path/Frameworks",
					"@loader_path/Frameworks",
				);
				PRODUCT_BUNDLE_IDENTIFIER = "com.metacraft.isonim.IsoNimCocoa-Tests";
				SDKROOT = iphoneos;
				TARGETED_DEVICE_FAMILY = "1,2";
				TEST_HOST = "$(BUILT_PRODUCTS_DIR)/IsoNim Native.app/$(BUNDLE_EXECUTABLE_FOLDER_PATH)/IsoNim Native";
			};
			name = Debug;
		};
		379691C5F43F21CAA20DE2EE /* Release */ = {
			isa = XCBuildConfiguration;
			buildSettings = {
				ASSETCATALOG_COMPILER_APPICON_NAME = AppIcon;
				CODE_SIGN_IDENTITY = "iPhone Developer";
				INFOPLIST_FILE = "ios-app/Info.plist";
				LD_RUNPATH_SEARCH_PATHS = (
					"$(inherited)",
					"@executable_path/Frameworks",
				);
				PRODUCT_BUNDLE_IDENTIFIER = com.metacraft.isonim.cocoa.native;
				PRODUCT_MODULE_NAME = IsoNimCocoa_iOS;
				PRODUCT_NAME = "IsoNim Native";
				SDKROOT = iphoneos;
				SWIFT_ACTIVE_COMPILATION_CONDITIONS = THEME_NATIVE;
				TARGETED_DEVICE_FAMILY = "1,2";
			};
			name = Release;
		};
		382BF9EB282FC3EF903460FC /* Debug */ = {
			isa = XCBuildConfiguration;
			buildSettings = {
				ASSETCATALOG_COMPILER_APPICON_NAME = AppIcon;
				CODE_SIGN_IDENTITY = "iPhone Developer";
				INFOPLIST_FILE = "ios-app/Info.plist";
				LD_RUNPATH_SEARCH_PATHS = (
					"$(inherited)",
					"@executable_path/Frameworks",
				);
				PRODUCT_BUNDLE_IDENTIFIER = com.metacraft.isonim.cocoa;
				PRODUCT_MODULE_NAME = IsoNimCocoa_iOS;
				PRODUCT_NAME = "IsoNim Baseline";
				SDKROOT = iphoneos;
				SWIFT_ACTIVE_COMPILATION_CONDITIONS = THEME_BASELINE;
				TARGETED_DEVICE_FAMILY = "1,2";
			};
			name = Debug;
		};
		3A15870110C0F1B302A0FDFA /* Release */ = {
			isa = XCBuildConfiguration;
			buildSettings = {
				ASSETCATALOG_COMPILER_APPICON_NAME = AppIcon;
				CODE_SIGN_IDENTITY = "iPhone Developer";
				INFOPLIST_FILE = "ios-app/Info.plist";
				LD_RUNPATH_SEARCH_PATHS = (
					"$(inherited)",
					"@executable_path/Frameworks",
				);
				LIBRARY_SEARCH_PATHS = (
					"$(PROJECT_DIR)/build",
				);
				OTHER_LDFLAGS = (
					"-lisonim_native",
					"-lobjc",
					"-lc++",
				);
				PRODUCT_BUNDLE_IDENTIFIER = com.metacraft.isonim.cocoa.nimnative;
				PRODUCT_MODULE_NAME = IsoNimCocoa_iOS;
				PRODUCT_NAME = "IsoNim NimNative";
				SDKROOT = iphoneos;
				SWIFT_ACTIVE_COMPILATION_CONDITIONS = THEME_NIM_NATIVE;
				TARGETED_DEVICE_FAMILY = "1,2";
			};
			name = Release;
		};
		5E922777324D9E241452434A /* Release */ = {
			isa = XCBuildConfiguration;
			buildSettings = {
				ASSETCATALOG_COMPILER_APPICON_NAME = AppIcon;
				CODE_SIGN_IDENTITY = "iPhone Developer";
				INFOPLIST_FILE = "ios-app/Info.plist";
				LD_RUNPATH_SEARCH_PATHS = (
					"$(inherited)",
					"@executable_path/Frameworks",
				);
				PRODUCT_BUNDLE_IDENTIFIER = com.metacraft.isonim.cocoa;
				PRODUCT_MODULE_NAME = IsoNimCocoa_iOS;
				PRODUCT_NAME = "IsoNim Baseline";
				SDKROOT = iphoneos;
				SWIFT_ACTIVE_COMPILATION_CONDITIONS = THEME_BASELINE;
				TARGETED_DEVICE_FAMILY = "1,2";
			};
			name = Release;
		};
		8515005B9B2E9D12FEA4F8F2 /* Debug */ = {
			isa = XCBuildConfiguration;
			buildSettings = {
				ASSETCATALOG_COMPILER_APPICON_NAME = AppIcon;
				CODE_SIGN_IDENTITY = "iPhone Developer";
				INFOPLIST_FILE = "ios-app/Info.plist";
				LD_RUNPATH_SEARCH_PATHS = (
					"$(inherited)",
					"@executable_path/Frameworks",
				);
				PRODUCT_BUNDLE_IDENTIFIER = com.metacraft.isonim.cocoa.native;
				PRODUCT_MODULE_NAME = IsoNimCocoa_iOS;
				PRODUCT_NAME = "IsoNim Native";
				SDKROOT = iphoneos;
				SWIFT_ACTIVE_COMPILATION_CONDITIONS = THEME_NATIVE;
				TARGETED_DEVICE_FAMILY = "1,2";
			};
			name = Debug;
		};
		92867970D06BA0640905D0D0 /* Debug */ = {
			isa = XCBuildConfiguration;
			buildSettings = {
				ASSETCATALOG_COMPILER_APPICON_NAME = AppIcon;
				CODE_SIGN_IDENTITY = "iPhone Developer";
				INFOPLIST_FILE = "ios-app/StreamSources/Info.plist";
				LD_RUNPATH_SEARCH_PATHS = (
					"$(inherited)",
					"@executable_path/Frameworks",
				);
				LIBRARY_SEARCH_PATHS = (
					"$(PROJECT_DIR)/build",
				);
				OTHER_LDFLAGS = (
					"-lisonim_app",
					"-ltask_app_ios",
					"-lsettings_app_ios",
					"-lobjc",
					"-lc++",
				);
				PRODUCT_BUNDLE_IDENTIFIER = com.metacraft.isonim.cocoa.stream;
				PRODUCT_MODULE_NAME = IsoNimCocoa_iOS_Stream;
				PRODUCT_NAME = "IsoNim Stream";
				SDKROOT = iphoneos;
				SWIFT_ACTIVE_COMPILATION_CONDITIONS = THEME_STREAM;
				TARGETED_DEVICE_FAMILY = "1,2";
			};
			name = Debug;
		};
		99165C443EC73D7CB60F7E2F /* Debug */ = {
			isa = XCBuildConfiguration;
			buildSettings = {
				ALWAYS_SEARCH_USER_PATHS = NO;
				CLANG_ANALYZER_NONNULL = YES;
				CLANG_ANALYZER_NUMBER_OBJECT_CONVERSION = YES_AGGRESSIVE;
				CLANG_CXX_LANGUAGE_STANDARD = "gnu++14";
				CLANG_CXX_LIBRARY = "libc++";
				CLANG_ENABLE_MODULES = YES;
				CLANG_ENABLE_OBJC_ARC = YES;
				CLANG_ENABLE_OBJC_WEAK = YES;
				CLANG_WARN_BLOCK_CAPTURE_AUTORELEASING = YES;
				CLANG_WARN_BOOL_CONVERSION = YES;
				CLANG_WARN_COMMA = YES;
				CLANG_WARN_CONSTANT_CONVERSION = YES;
				CLANG_WARN_DEPRECATED_OBJC_IMPLEMENTATIONS = YES;
				CLANG_WARN_DIRECT_OBJC_ISA_USAGE = YES_ERROR;
				CLANG_WARN_DOCUMENTATION_COMMENTS = YES;
				CLANG_WARN_EMPTY_BODY = YES;
				CLANG_WARN_ENUM_CONVERSION = YES;
				CLANG_WARN_INFINITE_RECURSION = YES;
				CLANG_WARN_INT_CONVERSION = YES;
				CLANG_WARN_NON_LITERAL_NULL_CONVERSION = YES;
				CLANG_WARN_OBJC_IMPLICIT_RETAIN_SELF = YES;
				CLANG_WARN_OBJC_LITERAL_CONVERSION = YES;
				CLANG_WARN_OBJC_ROOT_CLASS = YES_ERROR;
				CLANG_WARN_QUOTED_INCLUDE_IN_FRAMEWORK_HEADER = YES;
				CLANG_WARN_RANGE_LOOP_ANALYSIS = YES;
				CLANG_WARN_STRICT_PROTOTYPES = YES;
				CLANG_WARN_SUSPICIOUS_MOVE = YES;
				CLANG_WARN_UNGUARDED_AVAILABILITY = YES_AGGRESSIVE;
				CLANG_WARN_UNREACHABLE_CODE = YES;
				CLANG_WARN__DUPLICATE_METHOD_MATCH = YES;
				CODE_SIGN_STYLE = Automatic;
				COMPILER_INDEX_STORE_ENABLE = NO;
				COPY_PHASE_STRIP = NO;
				DEBUG_INFORMATION_FORMAT = dwarf;
				DEVELOPMENT_TEAM = GK3D7BH967;
				ENABLE_STRICT_OBJC_MSGSEND = YES;
				ENABLE_TESTABILITY = YES;
				GCC_C_LANGUAGE_STANDARD = gnu11;
				GCC_DYNAMIC_NO_PIC = NO;
				GCC_NO_COMMON_BLOCKS = YES;
				GCC_OPTIMIZATION_LEVEL = 0;
				GCC_PREPROCESSOR_DEFINITIONS = (
					"$(inherited)",
					"DEBUG=1",
				);
				GCC_WARN_64_TO_32_BIT_CONVERSION = YES;
				GCC_WARN_ABOUT_RETURN_TYPE = YES_ERROR;
				GCC_WARN_UNDECLARED_SELECTOR = YES;
				GCC_WARN_UNINITIALIZED_AUTOS = YES_AGGRESSIVE;
				GCC_WARN_UNUSED_FUNCTION = YES;
				GCC_WARN_UNUSED_VARIABLE = YES;
				IPHONEOS_DEPLOYMENT_TARGET = 17.0;
				MACOSX_DEPLOYMENT_TARGET = 14.0;
				MTL_ENABLE_DEBUG_INFO = INCLUDE_SOURCE;
				MTL_FAST_MATH = YES;
				ONLY_ACTIVE_ARCH = YES;
				PRODUCT_NAME = "$(TARGET_NAME)";
				SDKROOT = iphoneos;
				SWIFT_ACTIVE_COMPILATION_CONDITIONS = DEBUG;
				SWIFT_OPTIMIZATION_LEVEL = "-Onone";
				SWIFT_VERSION = 5.0;
			};
			name = Debug;
		};
		A2537A3DE26BEC4CEFEA308D /* Debug */ = {
			isa = XCBuildConfiguration;
			buildSettings = {
				ASSETCATALOG_COMPILER_APPICON_NAME = AppIcon;
				CODE_SIGN_IDENTITY = "iPhone Developer";
				INFOPLIST_FILE = "ios-app/Info.plist";
				LD_RUNPATH_SEARCH_PATHS = (
					"$(inherited)",
					"@executable_path/Frameworks",
				);
				LIBRARY_SEARCH_PATHS = (
					"$(PROJECT_DIR)/build",
				);
				OTHER_LDFLAGS = (
					"-lisonim_app",
					"-lobjc",
					"-lc++",
				);
				PRODUCT_BUNDLE_IDENTIFIER = com.metacraft.isonim.cocoa.branded;
				PRODUCT_MODULE_NAME = IsoNimCocoa_iOS;
				PRODUCT_NAME = "IsoNim Branded";
				SDKROOT = iphoneos;
				SWIFT_ACTIVE_COMPILATION_CONDITIONS = THEME_BRANDED;
				TARGETED_DEVICE_FAMILY = "1,2";
			};
			name = Debug;
		};
		B04CB6ACB557A15516E7E8F5 /* Release */ = {
			isa = XCBuildConfiguration;
			buildSettings = {
				ASSETCATALOG_COMPILER_APPICON_NAME = AppIcon;
				CODE_SIGN_IDENTITY = "iPhone Developer";
				INFOPLIST_FILE = "ios-app/StreamSources/Info.plist";
				LD_RUNPATH_SEARCH_PATHS = (
					"$(inherited)",
					"@executable_path/Frameworks",
				);
				LIBRARY_SEARCH_PATHS = (
					"$(PROJECT_DIR)/build",
				);
				OTHER_LDFLAGS = (
					"-lisonim_app",
					"-ltask_app_ios",
					"-lsettings_app_ios",
					"-lobjc",
					"-lc++",
				);
				PRODUCT_BUNDLE_IDENTIFIER = com.metacraft.isonim.cocoa.stream;
				PRODUCT_MODULE_NAME = IsoNimCocoa_iOS_Stream;
				PRODUCT_NAME = "IsoNim Stream";
				SDKROOT = iphoneos;
				SWIFT_ACTIVE_COMPILATION_CONDITIONS = THEME_STREAM;
				TARGETED_DEVICE_FAMILY = "1,2";
			};
			name = Release;
		};
		CBB4FBAE2487EE354B29F0CC /* Release */ = {
			isa = XCBuildConfiguration;
			buildSettings = {
				BUNDLE_LOADER = "$(TEST_HOST)";
				INFOPLIST_FILE = "ios-app/Tests/Info.plist";
				LD_RUNPATH_SEARCH_PATHS = (
					"$(inherited)",
					"@executable_path/Frameworks",
					"@loader_path/Frameworks",
				);
				PRODUCT_BUNDLE_IDENTIFIER = "com.metacraft.isonim.IsoNimCocoa-Tests";
				SDKROOT = iphoneos;
				TARGETED_DEVICE_FAMILY = "1,2";
				TEST_HOST = "$(BUILT_PRODUCTS_DIR)/IsoNim Native.app/$(BUNDLE_EXECUTABLE_FOLDER_PATH)/IsoNim Native";
			};
			name = Release;
		};
		D2940A4688CC066C6440EDBB /* Release */ = {
			isa = XCBuildConfiguration;
			buildSettings = {
				ALWAYS_SEARCH_USER_PATHS = NO;
				CLANG_ANALYZER_NONNULL = YES;
				CLANG_ANALYZER_NUMBER_OBJECT_CONVERSION = YES_AGGRESSIVE;
				CLANG_CXX_LANGUAGE_STANDARD = "gnu++14";
				CLANG_CXX_LIBRARY = "libc++";
				CLANG_ENABLE_MODULES = YES;
				CLANG_ENABLE_OBJC_ARC = YES;
				CLANG_ENABLE_OBJC_WEAK = YES;
				CLANG_WARN_BLOCK_CAPTURE_AUTORELEASING = YES;
				CLANG_WARN_BOOL_CONVERSION = YES;
				CLANG_WARN_COMMA = YES;
				CLANG_WARN_CONSTANT_CONVERSION = YES;
				CLANG_WARN_DEPRECATED_OBJC_IMPLEMENTATIONS = YES;
				CLANG_WARN_DIRECT_OBJC_ISA_USAGE = YES_ERROR;
				CLANG_WARN_DOCUMENTATION_COMMENTS = YES;
				CLANG_WARN_EMPTY_BODY = YES;
				CLANG_WARN_ENUM_CONVERSION = YES;
				CLANG_WARN_INFINITE_RECURSION = YES;
				CLANG_WARN_INT_CONVERSION = YES;
				CLANG_WARN_NON_LITERAL_NULL_CONVERSION = YES;
				CLANG_WARN_OBJC_IMPLICIT_RETAIN_SELF = YES;
				CLANG_WARN_OBJC_LITERAL_CONVERSION = YES;
				CLANG_WARN_OBJC_ROOT_CLASS = YES_ERROR;
				CLANG_WARN_QUOTED_INCLUDE_IN_FRAMEWORK_HEADER = YES;
				CLANG_WARN_RANGE_LOOP_ANALYSIS = YES;
				CLANG_WARN_STRICT_PROTOTYPES = YES;
				CLANG_WARN_SUSPICIOUS_MOVE = YES;
				CLANG_WARN_UNGUARDED_AVAILABILITY = YES_AGGRESSIVE;
				CLANG_WARN_UNREACHABLE_CODE = YES;
				CLANG_WARN__DUPLICATE_METHOD_MATCH = YES;
				CODE_SIGN_STYLE = Automatic;
				COMPILER_INDEX_STORE_ENABLE = NO;
				COPY_PHASE_STRIP = NO;
				DEBUG_INFORMATION_FORMAT = "dwarf-with-dsym";
				DEVELOPMENT_TEAM = GK3D7BH967;
				ENABLE_NS_ASSERTIONS = NO;
				ENABLE_STRICT_OBJC_MSGSEND = YES;
				GCC_C_LANGUAGE_STANDARD = gnu11;
				GCC_NO_COMMON_BLOCKS = YES;
				GCC_WARN_64_TO_32_BIT_CONVERSION = YES;
				GCC_WARN_ABOUT_RETURN_TYPE = YES_ERROR;
				GCC_WARN_UNDECLARED_SELECTOR = YES;
				GCC_WARN_UNINITIALIZED_AUTOS = YES_AGGRESSIVE;
				GCC_WARN_UNUSED_FUNCTION = YES;
				GCC_WARN_UNUSED_VARIABLE = YES;
				IPHONEOS_DEPLOYMENT_TARGET = 17.0;
				MACOSX_DEPLOYMENT_TARGET = 14.0;
				MTL_ENABLE_DEBUG_INFO = NO;
				MTL_FAST_MATH = YES;
				PRODUCT_NAME = "$(TARGET_NAME)";
				SDKROOT = iphoneos;
				SWIFT_COMPILATION_MODE = wholemodule;
				SWIFT_OPTIMIZATION_LEVEL = "-O";
				SWIFT_VERSION = 5.0;
			};
			name = Release;
		};
		D9B846DD4DF56C7931C499F3 /* Release */ = {
			isa = XCBuildConfiguration;
			buildSettings = {
				ASSETCATALOG_COMPILER_APPICON_NAME = AppIcon;
				CODE_SIGN_IDENTITY = "iPhone Developer";
				INFOPLIST_FILE = "ios-app/Info.plist";
				LD_RUNPATH_SEARCH_PATHS = (
					"$(inherited)",
					"@executable_path/Frameworks",
				);
				LIBRARY_SEARCH_PATHS = (
					"$(PROJECT_DIR)/build",
				);
				OTHER_LDFLAGS = (
					"-lisonim_app",
					"-lobjc",
					"-lc++",
				);
				PRODUCT_BUNDLE_IDENTIFIER = com.metacraft.isonim.cocoa.branded;
				PRODUCT_MODULE_NAME = IsoNimCocoa_iOS;
				PRODUCT_NAME = "IsoNim Branded";
				SDKROOT = iphoneos;
				SWIFT_ACTIVE_COMPILATION_CONDITIONS = THEME_BRANDED;
				TARGETED_DEVICE_FAMILY = "1,2";
			};
			name = Release;
		};
/* End XCBuildConfiguration section */

/* Begin XCConfigurationList section */
		399B4CD056D5E1CA59E6C012 /* Build configuration list for PBXNativeTarget "IsoNim-Native" */ = {
			isa = XCConfigurationList;
			buildConfigurations = (
				8515005B9B2E9D12FEA4F8F2 /* Debug */,
				379691C5F43F21CAA20DE2EE /* Release */,
			);
			defaultConfigurationIsVisible = 0;
			defaultConfigurationName = Debug;
		};
		514E33A5F9E33BA08930D857 /* Build configuration list for PBXNativeTarget "IsoNim-Branded" */ = {
			isa = XCConfigurationList;
			buildConfigurations = (
				A2537A3DE26BEC4CEFEA308D /* Debug */,
				D9B846DD4DF56C7931C499F3 /* Release */,
			);
			defaultConfigurationIsVisible = 0;
			defaultConfigurationName = Debug;
		};
		72FA1A4A1680618B61CE0390 /* Build configuration list for PBXNativeTarget "IsoNimCocoa-Tests" */ = {
			isa = XCConfigurationList;
			buildConfigurations = (
				271A6A50A5D3357A719DA7B1 /* Debug */,
				CBB4FBAE2487EE354B29F0CC /* Release */,
			);
			defaultConfigurationIsVisible = 0;
			defaultConfigurationName = Debug;
		};
		89F42021D79602279B823C40 /* Build configuration list for PBXNativeTarget "IsoNim-Stream" */ = {
			isa = XCConfigurationList;
			buildConfigurations = (
				92867970D06BA0640905D0D0 /* Debug */,
				B04CB6ACB557A15516E7E8F5 /* Release */,
			);
			defaultConfigurationIsVisible = 0;
			defaultConfigurationName = Debug;
		};
		AF3FB00FBFD4A563950AB267 /* Build configuration list for PBXNativeTarget "IsoNim-Baseline" */ = {
			isa = XCConfigurationList;
			buildConfigurations = (
				382BF9EB282FC3EF903460FC /* Debug */,
				5E922777324D9E241452434A /* Release */,
			);
			defaultConfigurationIsVisible = 0;
			defaultConfigurationName = Debug;
		};
		B3A52C2EDE376CC853BB1FC5 /* Build configuration list for PBXProject "IsoNimCocoa" */ = {
			isa = XCConfigurationList;
			buildConfigurations = (
				99165C443EC73D7CB60F7E2F /* Debug */,
				D2940A4688CC066C6440EDBB /* Release */,
			);
			defaultConfigurationIsVisible = 0;
			defaultConfigurationName = Debug;
		};
		EAA31E8AD22AE8A5B6C2C079 /* Build configuration list for PBXNativeTarget "IsoNim-NimNative" */ = {
			isa = XCConfigurationList;
			buildConfigurations = (
				1D20A63869E5C5A72CC6B632 /* Debug */,
				3A15870110C0F1B302A0FDFA /* Release */,
			);
			defaultConfigurationIsVisible = 0;
			defaultConfigurationName = Debug;
		};
/* End XCConfigurationList section */
	};
	rootObject = FF369DCFDC2CEBC7F2728373 /* Project object */;
}
